
Microsoft Visual Studio Solution File, Format Version 12.00
# Visual Studio Version 17
VisualStudioVersion = 17.0.31903.59
MinimumVisualStudioVersion = 10.0.40219.1
Project("{FAE04EC0-301F-11D3-BF4B-00C04F79EFBC}") = "Buttercup.Api", "Buttercup.Api\Buttercup.Api.csproj", "{EC72AED1-7DC2-4D21-B5F7-6D983082C83E}"
EndProject
Project("{FAE04EC0-301F-11D3-BF4B-00C04F79EFBC}") = "Buttercup.Api.IntegrationTests", "Buttercup.Api.IntegrationTests\Buttercup.Api.IntegrationTests.csproj", "{F9F30EF6-2493-4476-9329-E596F5F23AB8}"
EndProject
Project("{FAE04EC0-301F-11D3-BF4B-00C04F79EFBC}") = "Buttercup.Api.DbModel", "Buttercup.Api.DbModel\Buttercup.Api.DbModel.csproj", "{87D646CF-97EF-443E-A607-415168365BFD}"
EndProject
Project("{FAE04EC0-301F-11D3-BF4B-00C04F79EFBC}") = "Buttercup.Api.DbModel.Migrations", "Buttercup.Api.DbModel.Migrations\Buttercup.Api.DbModel.Migrations.csproj", "{CEDD9CD4-0852-4D5E-813E-E64E3608A042}"
EndProject
Project("{FAE04EC0-301F-11D3-BF4B-00C04F79EFBC}") = "Buttercup.Api.TestUtils", "Buttercup.Api.TestUtils\Buttercup.Api.TestUtils.csproj", "{1E6613EB-3E78-43ED-8F89-74EEF6A0835A}"
EndProject
Project("{FAE04EC0-301F-11D3-BF4B-00C04F79EFBC}") = "Buttercup.Api.Security", "Buttercup.Api.Security\Buttercup.Api.Security.csproj", "{C9A9BC0B-AEF0-477B-A947-C35995A2649B}"
EndProject
Project("{FAE04EC0-301F-11D3-BF4B-00C04F79EFBC}") = "Buttercup.Api.Security.Tests", "Buttercup.Api.Security.Tests\Buttercup.Api.Security.Tests.csproj", "{F91844CC-03D0-4767-AC38-5B28C88C1949}"
EndProject
Project("{FAE04EC0-301F-11D3-BF4B-00C04F79EFBC}") = "Buttercup.Api.Common", "Buttercup.Api.Common\Buttercup.Api.Common.csproj", "{27DB97BD-7FFE-4C49-9053-3AA3658D9E83}"
EndProject
Global
	GlobalSection(SolutionConfigurationPlatforms) = preSolution
		Debug|Any CPU = Debug|Any CPU
		Release|Any CPU = Release|Any CPU
	EndGlobalSection
	GlobalSection(SolutionProperties) = preSolution
		HideSolutionNode = FALSE
	EndGlobalSection
	GlobalSection(ProjectConfigurationPlatforms) = postSolution
		{EC72AED1-7DC2-4D21-B5F7-6D983082C83E}.Debug|Any CPU.ActiveCfg = Debug|Any CPU
		{EC72AED1-7DC2-4D21-B5F7-6D983082C83E}.Debug|Any CPU.Build.0 = Debug|Any CPU
		{EC72AED1-7DC2-4D21-B5F7-6D983082C83E}.Release|Any CPU.ActiveCfg = Release|Any CPU
		{EC72AED1-7DC2-4D21-B5F7-6D983082C83E}.Release|Any CPU.Build.0 = Release|Any CPU
		{F9F30EF6-2493-4476-9329-E596F5F23AB8}.Debug|Any CPU.ActiveCfg = Debug|Any CPU
		{F9F30EF6-2493-4476-9329-E596F5F23AB8}.Debug|Any CPU.Build.0 = Debug|Any CPU
		{F9F30EF6-2493-4476-9329-E596F5F23AB8}.Release|Any CPU.ActiveCfg = Release|Any CPU
		{F9F30EF6-2493-4476-9329-E596F5F23AB8}.Release|Any CPU.Build.0 = Release|Any CPU
		{87D646CF-97EF-443E-A607-415168365BFD}.Debug|Any CPU.ActiveCfg = Debug|Any CPU
		{87D646CF-97EF-443E-A607-415168365BFD}.Debug|Any CPU.Build.0 = Debug|Any CPU
		{87D646CF-97EF-443E-A607-415168365BFD}.Release|Any CPU.ActiveCfg = Release|Any CPU
		{87D646CF-97EF-443E-A607-415168365BFD}.Release|Any CPU.Build.0 = Release|Any CPU
		{CEDD9CD4-0852-4D5E-813E-E64E3608A042}.Debug|Any CPU.ActiveCfg = Debug|Any CPU
		{CEDD9CD4-0852-4D5E-813E-E64E3608A042}.Debug|Any CPU.Build.0 = Debug|Any CPU
		{CEDD9CD4-0852-4D5E-813E-E64E3608A042}.Release|Any CPU.ActiveCfg = Release|Any CPU
		{CEDD9CD4-0852-4D5E-813E-E64E3608A042}.Release|Any CPU.Build.0 = Release|Any CPU
		{1E6613EB-3E78-43ED-8F89-74EEF6A0835A}.Debug|Any CPU.ActiveCfg = Debug|Any CPU
		{1E6613EB-3E78-43ED-8F89-74EEF6A0835A}.Debug|Any CPU.Build.0 = Debug|Any CPU
		{1E6613EB-3E78-43ED-8F89-74EEF6A0835A}.Release|Any CPU.ActiveCfg = Release|Any CPU
		{1E6613EB-3E78-43ED-8F89-74EEF6A0835A}.Release|Any CPU.Build.0 = Release|Any CPU
		{C9A9BC0B-AEF0-477B-A947-C35995A2649B}.Debug|Any CPU.ActiveCfg = Debug|Any CPU
		{C9A9BC0B-AEF0-477B-A947-C35995A2649B}.Debug|Any CPU.Build.0 = Debug|Any CPU
		{C9A9BC0B-AEF0-477B-A947-C35995A2649B}.Release|Any CPU.ActiveCfg = Release|Any CPU
		{C9A9BC0B-AEF0-477B-A947-C35995A2649B}.Release|Any CPU.Build.0 = Release|Any CPU
		{F91844CC-03D0-4767-AC38-5B28C88C1949}.Debug|Any CPU.ActiveCfg = Debug|Any CPU
		{F91844CC-03D0-4767-AC38-5B28C88C1949}.Debug|Any CPU.Build.0 = Debug|Any CPU
		{F91844CC-03D0-4767-AC38-5B28C88C1949}.Release|Any CPU.ActiveCfg = Release|Any CPU
		{F91844CC-03D0-4767-AC38-5B28C88C1949}.Release|Any CPU.Build.0 = Release|Any CPU
		{27DB97BD-7FFE-4C49-9053-3AA3658D9E83}.Debug|Any CPU.ActiveCfg = Debug|Any CPU
		{27DB97BD-7FFE-4C49-9053-3AA3658D9E83}.Debug|Any CPU.Build.0 = Debug|Any CPU
		{27DB97BD-7FFE-4C49-9053-3AA3658D9E83}.Release|Any CPU.ActiveCfg = Release|Any CPU
		{27DB97BD-7FFE-4C49-9053-3AA3658D9E83}.Release|Any CPU.Build.0 = Release|Any CPU
	EndGlobalSection
EndGlobal
